
Microsoft Visual Studio Solution File, Format Version 12.00
# Visual Studio Version 16
VisualStudioVersion = 16.0.30406.217
MinimumVisualStudioVersion = 10.0.40219.1
Project("{FAE04EC0-301F-11D3-BF4B-00C04F79EFBC}") = "ShopOnline", "ShopOnline\ShopOnline.csproj", "{CA7C85DF-9619-485D-A5E9-568C63470FB4}"
EndProject
Project("{FAE04EC0-301F-11D3-BF4B-00C04F79EFBC}") = "Model", "Model\Model.csproj", "{07F39E52-9A71-4D35-9C31-437E58C4F183}"
EndProject
Project("{FAE04EC0-301F-11D3-BF4B-00C04F79EFBC}") = "Common", "Common\Common.csproj", "{E85C6116-E371-46B8-811E-03C371405934}"
EndProject
Global
	GlobalSection(SolutionConfigurationPlatforms) = preSolution
		Debug|Any CPU = Debug|Any CPU
		Release|Any CPU = Release|Any CPU
	EndGlobalSection
	GlobalSection(ProjectConfigurationPlatforms) = postSolution
		{CA7C85DF-9619-485D-A5E9-568C63470FB4}.Debug|Any CPU.ActiveCfg = Debug|Any CPU
		{CA7C85DF-9619-485D-A5E9-568C63470FB4}.Debug|Any CPU.Build.0 = Debug|Any CPU
		{CA7C85DF-9619-485D-A5E9-568C63470FB4}.Release|Any CPU.ActiveCfg = Release|Any CPU
		{CA7C85DF-9619-485D-A5E9-568C63470FB4}.Release|Any CPU.Build.0 = Release|Any CPU
		{07F39E52-9A71-4D35-9C31-437E58C4F183}.Debug|Any CPU.ActiveCfg = Debug|Any CPU
		{07F39E52-9A71-4D35-9C31-437E58C4F183}.Debug|Any CPU.Build.0 = Debug|Any CPU
		{07F39E52-9A71-4D35-9C31-437E58C4F183}.Release|Any CPU.ActiveCfg = Release|Any CPU
		{07F39E52-9A71-4D35-9C31-437E58C4F183}.Release|Any CPU.Build.0 = Release|Any CPU
		{E85C6116-E371-46B8-811E-03C371405934}.Debug|Any CPU.ActiveCfg = Debug|Any CPU
		{E85C6116-E371-46B8-811E-03C371405934}.Debug|Any CPU.Build.0 = Debug|Any CPU
		{E85C6116-E371-46B8-811E-03C371405934}.Release|Any CPU.ActiveCfg = Release|Any CPU
		{E85C6116-E371-46B8-811E-03C371405934}.Release|Any CPU.Build.0 = Release|Any CPU
	EndGlobalSection
	GlobalSection(SolutionProperties) = preSolution
		HideSolutionNode = FALSE
	EndGlobalSection
	GlobalSection(ExtensibilityGlobals) = postSolution
		SolutionGuid = {A1A86313-04EC-42B7-8133-F8AE2774DCD2}
	EndGlobalSection
EndGlobal
